// !$*UTF8*$!
{
	archiveVersion = 1;
	classes = {
	};
	objectVersion = 56;
	objects = {

/* Begin PBXBuildFile section */
		C748C9EA29BB036F00CB8C7A /* Locatable.swift in Sources */ = {isa = PBXBuildFile; fileRef = C748C9E929BB036F00CB8C7A /* Locatable.swift */; };
		C748C9EC29BB039600CB8C7A /* InputData.swift in Sources */ = {isa = PBXBuildFile; fileRef = C748C9EB29BB039600CB8C7A /* InputData.swift */; };
		C77572EA29BDE4C100367053 /* View+FullBackground.swift in Sources */ = {isa = PBXBuildFile; fileRef = C77572E929BDE4C100367053 /* View+FullBackground.swift */; };
		C7908E2E29B7C986006F7423 /* Command.swift in Sources */ = {isa = PBXBuildFile; fileRef = C7908E2D29B7C986006F7423 /* Command.swift */; };
		C7908E3229B7D8CD006F7423 /* TapInput.swift in Sources */ = {isa = PBXBuildFile; fileRef = C7908E3129B7D8CD006F7423 /* TapInput.swift */; };
		C7908E3429B7D8D6006F7423 /* SlideInput.swift in Sources */ = {isa = PBXBuildFile; fileRef = C7908E3329B7D8D6006F7423 /* SlideInput.swift */; };
		C7908E3829B7D8E9006F7423 /* HoldInput.swift in Sources */ = {isa = PBXBuildFile; fileRef = C7908E3729B7D8E9006F7423 /* HoldInput.swift */; };
		C7908E3A29B7DD74006F7423 /* SpinInput.swift in Sources */ = {isa = PBXBuildFile; fileRef = C7908E3929B7DD74006F7423 /* SpinInput.swift */; };
		C7908E3E29B92657006F7423 /* TouchInput.swift in Sources */ = {isa = PBXBuildFile; fileRef = C7908E3D29B92657006F7423 /* TouchInput.swift */; };
		C7908E4129B92D30006F7423 /* TapCommand.swift in Sources */ = {isa = PBXBuildFile; fileRef = C7908E4029B92D30006F7423 /* TapCommand.swift */; };
		C7908E4329B92D49006F7423 /* SlideCommand.swift in Sources */ = {isa = PBXBuildFile; fileRef = C7908E4229B92D49006F7423 /* SlideCommand.swift */; };
		C7908E4529B92D5F006F7423 /* HoldCommand.swift in Sources */ = {isa = PBXBuildFile; fileRef = C7908E4429B92D5F006F7423 /* HoldCommand.swift */; };
		C7908E4729B92D71006F7423 /* SpinCommand.swift in Sources */ = {isa = PBXBuildFile; fileRef = C7908E4629B92D71006F7423 /* SpinCommand.swift */; };
		C7908E4929B92E4E006F7423 /* GestureModifier.swift in Sources */ = {isa = PBXBuildFile; fileRef = C7908E4829B92E4E006F7423 /* GestureModifier.swift */; };
		C7908E4E29B93137006F7423 /* GameView.swift in Sources */ = {isa = PBXBuildFile; fileRef = C7908E4D29B93137006F7423 /* GameView.swift */; };
		C7CD9BD529B7514900ABEE8F /* PulsePaceApp.swift in Sources */ = {isa = PBXBuildFile; fileRef = C7CD9BD429B7514900ABEE8F /* PulsePaceApp.swift */; };
		C7CD9BD929B7514E00ABEE8F /* Assets.xcassets in Resources */ = {isa = PBXBuildFile; fileRef = C7CD9BD829B7514E00ABEE8F /* Assets.xcassets */; };
		C7CD9BDC29B7514E00ABEE8F /* Preview Assets.xcassets in Resources */ = {isa = PBXBuildFile; fileRef = C7CD9BDB29B7514E00ABEE8F /* Preview Assets.xcassets */; };
		C7CD9BE629B7514F00ABEE8F /* PulsePaceTests.swift in Sources */ = {isa = PBXBuildFile; fileRef = C7CD9BE529B7514F00ABEE8F /* PulsePaceTests.swift */; };
		C7CD9BF029B7514F00ABEE8F /* PulsePaceUITests.swift in Sources */ = {isa = PBXBuildFile; fileRef = C7CD9BEF29B7514F00ABEE8F /* PulsePaceUITests.swift */; };
		C7CD9BF229B7514F00ABEE8F /* PulsePaceUITestsLaunchTests.swift in Sources */ = {isa = PBXBuildFile; fileRef = C7CD9BF129B7514F00ABEE8F /* PulsePaceUITestsLaunchTests.swift */; };
		C7D1AF2529BF844A00244EF5 /* PriorityQueue.swift in Sources */ = {isa = PBXBuildFile; fileRef = C7D1AF2429BF844A00244EF5 /* PriorityQueue.swift */; };
		C7D1AF2729BF895D00244EF5 /* Queue.swift in Sources */ = {isa = PBXBuildFile; fileRef = C7D1AF2629BF895D00244EF5 /* Queue.swift */; };
		C7D1AF2929BF8A9300244EF5 /* Heap.swift in Sources */ = {isa = PBXBuildFile; fileRef = C7D1AF2829BF8A9300244EF5 /* Heap.swift */; };
		C7D1AF2C29BF902B00244EF5 /* PriorityQueueTests.swift in Sources */ = {isa = PBXBuildFile; fileRef = C7D1AF2B29BF902B00244EF5 /* PriorityQueueTests.swift */; };
		C7D1AF2E29BF947B00244EF5 /* MenuView.swift in Sources */ = {isa = PBXBuildFile; fileRef = C7D1AF2D29BF947B00244EF5 /* MenuView.swift */; };
		C7F6B00B29B7C12800D97E5F /* swiftlint.yml in Resources */ = {isa = PBXBuildFile; fileRef = C7F6B00A29B7C12800D97E5F /* swiftlint.yml */; };
		D00235B929BEF7BD006858D3 /* SystemIconButtonView.swift in Sources */ = {isa = PBXBuildFile; fileRef = D00235B829BEF7BD006858D3 /* SystemIconButtonView.swift */; };
		D00235BC29BEF9A1006858D3 /* AudioManager.swift in Sources */ = {isa = PBXBuildFile; fileRef = D00235BB29BEF9A1006858D3 /* AudioManager.swift */; };
		D00235BE29BEFB02006858D3 /* test.mp3 in Resources */ = {isa = PBXBuildFile; fileRef = D00235BD29BEFB02006858D3 /* test.mp3 */; };
		D00235C129BF0115006858D3 /* BeatmapDesignerViewModel.swift in Sources */ = {isa = PBXBuildFile; fileRef = D00235C029BF0115006858D3 /* BeatmapDesignerViewModel.swift */; };
		D012FF1229BCC6DE00E3CC2E /* BeatmapDesignerView.swift in Sources */ = {isa = PBXBuildFile; fileRef = D012FF1129BCC6DE00E3CC2E /* BeatmapDesignerView.swift */; };
		D012FF1629BE00CA00E3CC2E /* HitObject.swift in Sources */ = {isa = PBXBuildFile; fileRef = D012FF1529BE00CA00E3CC2E /* HitObject.swift */; };
		D012FF1A29BE011B00E3CC2E /* TapHitObject.swift in Sources */ = {isa = PBXBuildFile; fileRef = D012FF1929BE011B00E3CC2E /* TapHitObject.swift */; };
		D081DDA929C2060E006B11B4 /* TimelineView.swift in Sources */ = {isa = PBXBuildFile; fileRef = D081DDA829C2060E006B11B4 /* TimelineView.swift */; };
		D081DDAB29C21782006B11B4 /* DivisorSliderView.swift in Sources */ = {isa = PBXBuildFile; fileRef = D081DDAA29C21782006B11B4 /* DivisorSliderView.swift */; };
		D081DDAD29C217FD006B11B4 /* ZoomButtonsView.swift in Sources */ = {isa = PBXBuildFile; fileRef = D081DDAC29C217FD006B11B4 /* ZoomButtonsView.swift */; };
		D081DDAF29C21842006B11B4 /* CanvasView.swift in Sources */ = {isa = PBXBuildFile; fileRef = D081DDAE29C21842006B11B4 /* CanvasView.swift */; };
		D081DDB129C222A4006B11B4 /* PlaybackControlView.swift in Sources */ = {isa = PBXBuildFile; fileRef = D081DDB029C222A4006B11B4 /* PlaybackControlView.swift */; };
/* End PBXBuildFile section */

/* Begin PBXContainerItemProxy section */
		C7CD9BE229B7514F00ABEE8F /* PBXContainerItemProxy */ = {
			isa = PBXContainerItemProxy;
			containerPortal = C7CD9BC929B7514900ABEE8F /* Project object */;
			proxyType = 1;
			remoteGlobalIDString = C7CD9BD029B7514900ABEE8F;
			remoteInfo = PulsePace;
		};
		C7CD9BEC29B7514F00ABEE8F /* PBXContainerItemProxy */ = {
			isa = PBXContainerItemProxy;
			containerPortal = C7CD9BC929B7514900ABEE8F /* Project object */;
			proxyType = 1;
			remoteGlobalIDString = C7CD9BD029B7514900ABEE8F;
			remoteInfo = PulsePace;
		};
/* End PBXContainerItemProxy section */

/* Begin PBXFileReference section */
		C748C9E929BB036F00CB8C7A /* Locatable.swift */ = {isa = PBXFileReference; lastKnownFileType = sourcecode.swift; path = Locatable.swift; sourceTree = "<group>"; };
		C748C9EB29BB039600CB8C7A /* InputData.swift */ = {isa = PBXFileReference; lastKnownFileType = sourcecode.swift; path = InputData.swift; sourceTree = "<group>"; };
		C77572E929BDE4C100367053 /* View+FullBackground.swift */ = {isa = PBXFileReference; lastKnownFileType = sourcecode.swift; path = "View+FullBackground.swift"; sourceTree = "<group>"; };
		C7908E2D29B7C986006F7423 /* Command.swift */ = {isa = PBXFileReference; lastKnownFileType = sourcecode.swift; path = Command.swift; sourceTree = "<group>"; };
		C7908E3129B7D8CD006F7423 /* TapInput.swift */ = {isa = PBXFileReference; lastKnownFileType = sourcecode.swift; path = TapInput.swift; sourceTree = "<group>"; };
		C7908E3329B7D8D6006F7423 /* SlideInput.swift */ = {isa = PBXFileReference; lastKnownFileType = sourcecode.swift; path = SlideInput.swift; sourceTree = "<group>"; };
		C7908E3729B7D8E9006F7423 /* HoldInput.swift */ = {isa = PBXFileReference; lastKnownFileType = sourcecode.swift; path = HoldInput.swift; sourceTree = "<group>"; };
		C7908E3929B7DD74006F7423 /* SpinInput.swift */ = {isa = PBXFileReference; lastKnownFileType = sourcecode.swift; path = SpinInput.swift; sourceTree = "<group>"; };
		C7908E3D29B92657006F7423 /* TouchInput.swift */ = {isa = PBXFileReference; lastKnownFileType = sourcecode.swift; path = TouchInput.swift; sourceTree = "<group>"; };
		C7908E4029B92D30006F7423 /* TapCommand.swift */ = {isa = PBXFileReference; lastKnownFileType = sourcecode.swift; path = TapCommand.swift; sourceTree = "<group>"; };
		C7908E4229B92D49006F7423 /* SlideCommand.swift */ = {isa = PBXFileReference; lastKnownFileType = sourcecode.swift; path = SlideCommand.swift; sourceTree = "<group>"; };
		C7908E4429B92D5F006F7423 /* HoldCommand.swift */ = {isa = PBXFileReference; lastKnownFileType = sourcecode.swift; path = HoldCommand.swift; sourceTree = "<group>"; };
		C7908E4629B92D71006F7423 /* SpinCommand.swift */ = {isa = PBXFileReference; lastKnownFileType = sourcecode.swift; path = SpinCommand.swift; sourceTree = "<group>"; };
		C7908E4829B92E4E006F7423 /* GestureModifier.swift */ = {isa = PBXFileReference; lastKnownFileType = sourcecode.swift; path = GestureModifier.swift; sourceTree = "<group>"; };
		C7908E4D29B93137006F7423 /* GameView.swift */ = {isa = PBXFileReference; lastKnownFileType = sourcecode.swift; path = GameView.swift; sourceTree = "<group>"; };
		C7CD9BD129B7514900ABEE8F /* PulsePace.app */ = {isa = PBXFileReference; explicitFileType = wrapper.application; includeInIndex = 0; path = PulsePace.app; sourceTree = BUILT_PRODUCTS_DIR; };
		C7CD9BD429B7514900ABEE8F /* PulsePaceApp.swift */ = {isa = PBXFileReference; lastKnownFileType = sourcecode.swift; path = PulsePaceApp.swift; sourceTree = "<group>"; };
		C7CD9BD829B7514E00ABEE8F /* Assets.xcassets */ = {isa = PBXFileReference; lastKnownFileType = folder.assetcatalog; path = Assets.xcassets; sourceTree = "<group>"; };
		C7CD9BDB29B7514E00ABEE8F /* Preview Assets.xcassets */ = {isa = PBXFileReference; lastKnownFileType = folder.assetcatalog; path = "Preview Assets.xcassets"; sourceTree = "<group>"; };
		C7CD9BE129B7514F00ABEE8F /* PulsePaceTests.xctest */ = {isa = PBXFileReference; explicitFileType = wrapper.cfbundle; includeInIndex = 0; path = PulsePaceTests.xctest; sourceTree = BUILT_PRODUCTS_DIR; };
		C7CD9BE529B7514F00ABEE8F /* PulsePaceTests.swift */ = {isa = PBXFileReference; lastKnownFileType = sourcecode.swift; path = PulsePaceTests.swift; sourceTree = "<group>"; };
		C7CD9BEB29B7514F00ABEE8F /* PulsePaceUITests.xctest */ = {isa = PBXFileReference; explicitFileType = wrapper.cfbundle; includeInIndex = 0; path = PulsePaceUITests.xctest; sourceTree = BUILT_PRODUCTS_DIR; };
		C7CD9BEF29B7514F00ABEE8F /* PulsePaceUITests.swift */ = {isa = PBXFileReference; lastKnownFileType = sourcecode.swift; path = PulsePaceUITests.swift; sourceTree = "<group>"; };
		C7CD9BF129B7514F00ABEE8F /* PulsePaceUITestsLaunchTests.swift */ = {isa = PBXFileReference; lastKnownFileType = sourcecode.swift; path = PulsePaceUITestsLaunchTests.swift; sourceTree = "<group>"; };
		C7D1AF2429BF844A00244EF5 /* PriorityQueue.swift */ = {isa = PBXFileReference; lastKnownFileType = sourcecode.swift; path = PriorityQueue.swift; sourceTree = "<group>"; };
		C7D1AF2629BF895D00244EF5 /* Queue.swift */ = {isa = PBXFileReference; lastKnownFileType = sourcecode.swift; path = Queue.swift; sourceTree = "<group>"; };
		C7D1AF2829BF8A9300244EF5 /* Heap.swift */ = {isa = PBXFileReference; lastKnownFileType = sourcecode.swift; path = Heap.swift; sourceTree = "<group>"; };
		C7D1AF2B29BF902B00244EF5 /* PriorityQueueTests.swift */ = {isa = PBXFileReference; lastKnownFileType = sourcecode.swift; path = PriorityQueueTests.swift; sourceTree = "<group>"; };
		C7D1AF2D29BF947B00244EF5 /* MenuView.swift */ = {isa = PBXFileReference; lastKnownFileType = sourcecode.swift; path = MenuView.swift; sourceTree = "<group>"; };
		C7F6B00529B7BF7F00D97E5F /* README.md */ = {isa = PBXFileReference; lastKnownFileType = net.daringfireball.markdown; path = README.md; sourceTree = "<group>"; };
		C7F6B00A29B7C12800D97E5F /* swiftlint.yml */ = {isa = PBXFileReference; lastKnownFileType = text.yaml; path = swiftlint.yml; sourceTree = "<group>"; };
		D00235B829BEF7BD006858D3 /* SystemIconButtonView.swift */ = {isa = PBXFileReference; lastKnownFileType = sourcecode.swift; path = SystemIconButtonView.swift; sourceTree = "<group>"; };
		D00235BB29BEF9A1006858D3 /* AudioManager.swift */ = {isa = PBXFileReference; lastKnownFileType = sourcecode.swift; path = AudioManager.swift; sourceTree = "<group>"; };
		D00235BD29BEFB02006858D3 /* test.mp3 */ = {isa = PBXFileReference; lastKnownFileType = audio.mp3; path = test.mp3; sourceTree = "<group>"; };
		D00235C029BF0115006858D3 /* BeatmapDesignerViewModel.swift */ = {isa = PBXFileReference; lastKnownFileType = sourcecode.swift; path = BeatmapDesignerViewModel.swift; sourceTree = "<group>"; };
		D012FF1129BCC6DE00E3CC2E /* BeatmapDesignerView.swift */ = {isa = PBXFileReference; lastKnownFileType = sourcecode.swift; path = BeatmapDesignerView.swift; sourceTree = "<group>"; };
		D012FF1529BE00CA00E3CC2E /* HitObject.swift */ = {isa = PBXFileReference; lastKnownFileType = sourcecode.swift; path = HitObject.swift; sourceTree = "<group>"; };
		D012FF1929BE011B00E3CC2E /* TapHitObject.swift */ = {isa = PBXFileReference; lastKnownFileType = sourcecode.swift; path = TapHitObject.swift; sourceTree = "<group>"; };
		D081DDA829C2060E006B11B4 /* TimelineView.swift */ = {isa = PBXFileReference; lastKnownFileType = sourcecode.swift; path = TimelineView.swift; sourceTree = "<group>"; };
		D081DDAA29C21782006B11B4 /* DivisorSliderView.swift */ = {isa = PBXFileReference; lastKnownFileType = sourcecode.swift; path = DivisorSliderView.swift; sourceTree = "<group>"; };
		D081DDAC29C217FD006B11B4 /* ZoomButtonsView.swift */ = {isa = PBXFileReference; lastKnownFileType = sourcecode.swift; path = ZoomButtonsView.swift; sourceTree = "<group>"; };
		D081DDAE29C21842006B11B4 /* CanvasView.swift */ = {isa = PBXFileReference; lastKnownFileType = sourcecode.swift; path = CanvasView.swift; sourceTree = "<group>"; };
		D081DDB029C222A4006B11B4 /* PlaybackControlView.swift */ = {isa = PBXFileReference; lastKnownFileType = sourcecode.swift; path = PlaybackControlView.swift; sourceTree = "<group>"; };
/* End PBXFileReference section */

/* Begin PBXFrameworksBuildPhase section */
		C7CD9BCE29B7514900ABEE8F /* Frameworks */ = {
			isa = PBXFrameworksBuildPhase;
			buildActionMask = 2147483647;
			files = (
			);
			runOnlyForDeploymentPostprocessing = 0;
		};
		C7CD9BDE29B7514F00ABEE8F /* Frameworks */ = {
			isa = PBXFrameworksBuildPhase;
			buildActionMask = 2147483647;
			files = (
			);
			runOnlyForDeploymentPostprocessing = 0;
		};
		C7CD9BE829B7514F00ABEE8F /* Frameworks */ = {
			isa = PBXFrameworksBuildPhase;
			buildActionMask = 2147483647;
			files = (
			);
			runOnlyForDeploymentPostprocessing = 0;
		};
/* End PBXFrameworksBuildPhase section */

/* Begin PBXGroup section */
		C748C9E829B9E71C00CB8C7A /* ViewModifiers */ = {
			isa = PBXGroup;
			children = (
				C7908E4829B92E4E006F7423 /* GestureModifier.swift */,
			);
			path = ViewModifiers;
			sourceTree = "<group>";
		};
		C748C9ED29BB03D300CB8C7A /* DataStructures */ = {
			isa = PBXGroup;
			children = (
				C748C9EB29BB039600CB8C7A /* InputData.swift */,
			);
			path = DataStructures;
			sourceTree = "<group>";
		};
		C748C9EE29BB03E200CB8C7A /* Protocols */ = {
			isa = PBXGroup;
			children = (
				C748C9E929BB036F00CB8C7A /* Locatable.swift */,
			);
			path = Protocols;
			sourceTree = "<group>";
		};
		C77572EB29BDEAD700367053 /* ViewExtensions */ = {
			isa = PBXGroup;
			children = (
				C77572E929BDE4C100367053 /* View+FullBackground.swift */,
			);
			path = ViewExtensions;
			sourceTree = "<group>";
		};
		C7908E2C29B7C8E7006F7423 /* Gameplay */ = {
			isa = PBXGroup;
			children = (
				C7908E4A29B9310F006F7423 /* Views */,
				C77572EB29BDEAD700367053 /* ViewExtensions */,
				C748C9E829B9E71C00CB8C7A /* ViewModifiers */,
				C7908E3029B7D8C0006F7423 /* Inputs */,
				C7908E3F29B92BF7006F7423 /* Commands */,
				C748C9EE29BB03E200CB8C7A /* Protocols */,
				C748C9ED29BB03D300CB8C7A /* DataStructures */,
			);
			path = Gameplay;
			sourceTree = "<group>";
		};
		C7908E3029B7D8C0006F7423 /* Inputs */ = {
			isa = PBXGroup;
			children = (
				C7908E3D29B92657006F7423 /* TouchInput.swift */,
				C7908E3129B7D8CD006F7423 /* TapInput.swift */,
				C7908E3329B7D8D6006F7423 /* SlideInput.swift */,
				C7908E3729B7D8E9006F7423 /* HoldInput.swift */,
				C7908E3929B7DD74006F7423 /* SpinInput.swift */,
			);
			path = Inputs;
			sourceTree = "<group>";
		};
		C7908E3F29B92BF7006F7423 /* Commands */ = {
			isa = PBXGroup;
			children = (
				C7908E2D29B7C986006F7423 /* Command.swift */,
				C7908E4029B92D30006F7423 /* TapCommand.swift */,
				C7908E4229B92D49006F7423 /* SlideCommand.swift */,
				C7908E4429B92D5F006F7423 /* HoldCommand.swift */,
				C7908E4629B92D71006F7423 /* SpinCommand.swift */,
			);
			path = Commands;
			sourceTree = "<group>";
		};
		C7908E4A29B9310F006F7423 /* Views */ = {
			isa = PBXGroup;
			children = (
				C7908E4D29B93137006F7423 /* GameView.swift */,
			);
			path = Views;
			sourceTree = "<group>";
		};
		C7CD9BC829B7514900ABEE8F = {
			isa = PBXGroup;
			children = (
				C7F6B00529B7BF7F00D97E5F /* README.md */,
				C7F6B00829B7C0F800D97E5F /* .github */,
				C7CD9BD329B7514900ABEE8F /* PulsePace */,
				C7CD9BE429B7514F00ABEE8F /* PulsePaceTests */,
				C7CD9BEE29B7514F00ABEE8F /* PulsePaceUITests */,
				C7CD9BD229B7514900ABEE8F /* Products */,
			);
			sourceTree = "<group>";
		};
		C7CD9BD229B7514900ABEE8F /* Products */ = {
			isa = PBXGroup;
			children = (
				C7CD9BD129B7514900ABEE8F /* PulsePace.app */,
				C7CD9BE129B7514F00ABEE8F /* PulsePaceTests.xctest */,
				C7CD9BEB29B7514F00ABEE8F /* PulsePaceUITests.xctest */,
			);
			name = Products;
			sourceTree = "<group>";
		};
		C7CD9BD329B7514900ABEE8F /* PulsePace */ = {
			isa = PBXGroup;
			children = (
				C7D1AF2229BF842D00244EF5 /* Shared */,
				C7908E2C29B7C8E7006F7423 /* Gameplay */,
				D012FF0F29BCC6B700E3CC2E /* BeatmapDesigner */,
				C7CD9BD429B7514900ABEE8F /* PulsePaceApp.swift */,
				C7D1AF2D29BF947B00244EF5 /* MenuView.swift */,
				C7CD9BD829B7514E00ABEE8F /* Assets.xcassets */,
				D00235BD29BEFB02006858D3 /* test.mp3 */,
				C7CD9BDA29B7514E00ABEE8F /* Preview Content */,
			);
			path = PulsePace;
			sourceTree = "<group>";
		};
		C7CD9BDA29B7514E00ABEE8F /* Preview Content */ = {
			isa = PBXGroup;
			children = (
				C7CD9BDB29B7514E00ABEE8F /* Preview Assets.xcassets */,
			);
			path = "Preview Content";
			sourceTree = "<group>";
		};
		C7CD9BE429B7514F00ABEE8F /* PulsePaceTests */ = {
			isa = PBXGroup;
			children = (
				C7D1AF2F29BF999D00244EF5 /* Shared */,
				C7CD9BE529B7514F00ABEE8F /* PulsePaceTests.swift */,
			);
			path = PulsePaceTests;
			sourceTree = "<group>";
		};
		C7CD9BEE29B7514F00ABEE8F /* PulsePaceUITests */ = {
			isa = PBXGroup;
			children = (
				C7CD9BEF29B7514F00ABEE8F /* PulsePaceUITests.swift */,
				C7CD9BF129B7514F00ABEE8F /* PulsePaceUITestsLaunchTests.swift */,
			);
			path = PulsePaceUITests;
			sourceTree = "<group>";
		};
		C7D1AF2229BF842D00244EF5 /* Shared */ = {
			isa = PBXGroup;
			children = (
				C7D1AF2329BF843200244EF5 /* DataStructures */,
			);
			path = Shared;
			sourceTree = "<group>";
		};
		C7D1AF2329BF843200244EF5 /* DataStructures */ = {
			isa = PBXGroup;
			children = (
				C7D1AF2629BF895D00244EF5 /* Queue.swift */,
				C7D1AF2429BF844A00244EF5 /* PriorityQueue.swift */,
				C7D1AF2829BF8A9300244EF5 /* Heap.swift */,
			);
			path = DataStructures;
			sourceTree = "<group>";
		};
		C7D1AF2A29BF900500244EF5 /* DataStructures */ = {
			isa = PBXGroup;
			children = (
				C7D1AF2B29BF902B00244EF5 /* PriorityQueueTests.swift */,
			);
			path = DataStructures;
			sourceTree = "<group>";
		};
		C7D1AF2F29BF999D00244EF5 /* Shared */ = {
			isa = PBXGroup;
			children = (
				C7D1AF2A29BF900500244EF5 /* DataStructures */,
			);
			path = Shared;
			sourceTree = "<group>";
		};
		C7F6B00829B7C0F800D97E5F /* .github */ = {
			isa = PBXGroup;
			children = (
				C7F6B00929B7C0F800D97E5F /* workflows */,
			);
			path = .github;
			sourceTree = SOURCE_ROOT;
		};
		C7F6B00929B7C0F800D97E5F /* workflows */ = {
			isa = PBXGroup;
			children = (
				C7F6B00A29B7C12800D97E5F /* swiftlint.yml */,
			);
			path = workflows;
			sourceTree = "<group>";
		};
		D00235BA29BEF999006858D3 /* Managers */ = {
			isa = PBXGroup;
			children = (
				D00235BB29BEF9A1006858D3 /* AudioManager.swift */,
			);
			path = Managers;
			sourceTree = "<group>";
		};
		D00235BF29BF0108006858D3 /* ViewModels */ = {
			isa = PBXGroup;
			children = (
				D00235C029BF0115006858D3 /* BeatmapDesignerViewModel.swift */,
			);
			path = ViewModels;
			sourceTree = "<group>";
		};
		D012FF0F29BCC6B700E3CC2E /* BeatmapDesigner */ = {
			isa = PBXGroup;
			children = (
				D00235BF29BF0108006858D3 /* ViewModels */,
				D00235BA29BEF999006858D3 /* Managers */,
				D012FF1429BE008200E3CC2E /* Models */,
				D012FF1029BCC6CF00E3CC2E /* Views */,
			);
			path = BeatmapDesigner;
			sourceTree = "<group>";
		};
		D012FF1029BCC6CF00E3CC2E /* Views */ = {
			isa = PBXGroup;
			children = (
				D012FF1129BCC6DE00E3CC2E /* BeatmapDesignerView.swift */,
				D00235B829BEF7BD006858D3 /* SystemIconButtonView.swift */,
				D081DDA829C2060E006B11B4 /* TimelineView.swift */,
				D081DDAA29C21782006B11B4 /* DivisorSliderView.swift */,
				D081DDAC29C217FD006B11B4 /* ZoomButtonsView.swift */,
				D081DDAE29C21842006B11B4 /* CanvasView.swift */,
				D081DDB029C222A4006B11B4 /* PlaybackControlView.swift */,
			);
			path = Views;
			sourceTree = "<group>";
		};
		D012FF1429BE008200E3CC2E /* Models */ = {
			isa = PBXGroup;
			children = (
				D012FF1529BE00CA00E3CC2E /* HitObject.swift */,
				D012FF1929BE011B00E3CC2E /* TapHitObject.swift */,
			);
			path = Models;
			sourceTree = "<group>";
		};
/* End PBXGroup section */

/* Begin PBXNativeTarget section */
		C7CD9BD029B7514900ABEE8F /* PulsePace */ = {
			isa = PBXNativeTarget;
			buildConfigurationList = C7CD9BF529B7514F00ABEE8F /* Build configuration list for PBXNativeTarget "PulsePace" */;
			buildPhases = (
				C7F6B00329B7BF2100D97E5F /* Run SwiftLint */,
				C7CD9BCD29B7514900ABEE8F /* Sources */,
				C7CD9BCE29B7514900ABEE8F /* Frameworks */,
				C7CD9BCF29B7514900ABEE8F /* Resources */,
			);
			buildRules = (
			);
			dependencies = (
			);
			name = PulsePace;
			productName = PulsePace;
			productReference = C7CD9BD129B7514900ABEE8F /* PulsePace.app */;
			productType = "com.apple.product-type.application";
		};
		C7CD9BE029B7514F00ABEE8F /* PulsePaceTests */ = {
			isa = PBXNativeTarget;
			buildConfigurationList = C7CD9BF829B7514F00ABEE8F /* Build configuration list for PBXNativeTarget "PulsePaceTests" */;
			buildPhases = (
				C7CD9BDD29B7514F00ABEE8F /* Sources */,
				C7CD9BDE29B7514F00ABEE8F /* Frameworks */,
				C7CD9BDF29B7514F00ABEE8F /* Resources */,
			);
			buildRules = (
			);
			dependencies = (
				C7CD9BE329B7514F00ABEE8F /* PBXTargetDependency */,
			);
			name = PulsePaceTests;
			productName = PulsePaceTests;
			productReference = C7CD9BE129B7514F00ABEE8F /* PulsePaceTests.xctest */;
			productType = "com.apple.product-type.bundle.unit-test";
		};
		C7CD9BEA29B7514F00ABEE8F /* PulsePaceUITests */ = {
			isa = PBXNativeTarget;
			buildConfigurationList = C7CD9BFB29B7514F00ABEE8F /* Build configuration list for PBXNativeTarget "PulsePaceUITests" */;
			buildPhases = (
				C7CD9BE729B7514F00ABEE8F /* Sources */,
				C7CD9BE829B7514F00ABEE8F /* Frameworks */,
				C7CD9BE929B7514F00ABEE8F /* Resources */,
			);
			buildRules = (
			);
			dependencies = (
				C7CD9BED29B7514F00ABEE8F /* PBXTargetDependency */,
			);
			name = PulsePaceUITests;
			productName = PulsePaceUITests;
			productReference = C7CD9BEB29B7514F00ABEE8F /* PulsePaceUITests.xctest */;
			productType = "com.apple.product-type.bundle.ui-testing";
		};
/* End PBXNativeTarget section */

/* Begin PBXProject section */
		C7CD9BC929B7514900ABEE8F /* Project object */ = {
			isa = PBXProject;
			attributes = {
				BuildIndependentTargetsInParallel = 1;
				LastSwiftUpdateCheck = 1420;
				LastUpgradeCheck = 1420;
				TargetAttributes = {
					C7CD9BD029B7514900ABEE8F = {
						CreatedOnToolsVersion = 14.2;
					};
					C7CD9BE029B7514F00ABEE8F = {
						CreatedOnToolsVersion = 14.2;
						TestTargetID = C7CD9BD029B7514900ABEE8F;
					};
					C7CD9BEA29B7514F00ABEE8F = {
						CreatedOnToolsVersion = 14.2;
						TestTargetID = C7CD9BD029B7514900ABEE8F;
					};
				};
			};
			buildConfigurationList = C7CD9BCC29B7514900ABEE8F /* Build configuration list for PBXProject "PulsePace" */;
			compatibilityVersion = "Xcode 14.0";
			developmentRegion = en;
			hasScannedForEncodings = 0;
			knownRegions = (
				en,
				Base,
			);
			mainGroup = C7CD9BC829B7514900ABEE8F;
			productRefGroup = C7CD9BD229B7514900ABEE8F /* Products */;
			projectDirPath = "";
			projectRoot = "";
			targets = (
				C7CD9BD029B7514900ABEE8F /* PulsePace */,
				C7CD9BE029B7514F00ABEE8F /* PulsePaceTests */,
				C7CD9BEA29B7514F00ABEE8F /* PulsePaceUITests */,
			);
		};
/* End PBXProject section */

/* Begin PBXResourcesBuildPhase section */
		C7CD9BCF29B7514900ABEE8F /* Resources */ = {
			isa = PBXResourcesBuildPhase;
			buildActionMask = 2147483647;
			files = (
				C7CD9BDC29B7514E00ABEE8F /* Preview Assets.xcassets in Resources */,
				C7F6B00B29B7C12800D97E5F /* swiftlint.yml in Resources */,
				D00235BE29BEFB02006858D3 /* test.mp3 in Resources */,
				C7CD9BD929B7514E00ABEE8F /* Assets.xcassets in Resources */,
			);
			runOnlyForDeploymentPostprocessing = 0;
		};
		C7CD9BDF29B7514F00ABEE8F /* Resources */ = {
			isa = PBXResourcesBuildPhase;
			buildActionMask = 2147483647;
			files = (
			);
			runOnlyForDeploymentPostprocessing = 0;
		};
		C7CD9BE929B7514F00ABEE8F /* Resources */ = {
			isa = PBXResourcesBuildPhase;
			buildActionMask = 2147483647;
			files = (
			);
			runOnlyForDeploymentPostprocessing = 0;
		};
/* End PBXResourcesBuildPhase section */

/* Begin PBXShellScriptBuildPhase section */
		C7F6B00329B7BF2100D97E5F /* Run SwiftLint */ = {
			isa = PBXShellScriptBuildPhase;
			alwaysOutOfDate = 1;
			buildActionMask = 2147483647;
			files = (
			);
			inputFileListPaths = (
			);
			inputPaths = (
			);
			name = "Run SwiftLint";
			outputFileListPaths = (
			);
			outputPaths = (
			);
			runOnlyForDeploymentPostprocessing = 0;
			shellPath = /bin/sh;
			shellScript = "# Type a script or drag a script file from your workspace to insert its path.\nexport PATH=\"$PATH:/opt/homebrew/bin\"\nif which swiftlint >/dev/null; then\n  swiftlint --fix && swiftlint\nelse\n  echo \"warning: SwiftLint not installed, download from https://github.com/realm/SwiftLint\"\nfi\n";
		};
/* End PBXShellScriptBuildPhase section */

/* Begin PBXSourcesBuildPhase section */
		C7CD9BCD29B7514900ABEE8F /* Sources */ = {
			isa = PBXSourcesBuildPhase;
			buildActionMask = 2147483647;
			files = (
				C7D1AF2E29BF947B00244EF5 /* MenuView.swift in Sources */,
				C7908E3229B7D8CD006F7423 /* TapInput.swift in Sources */,
				C7908E4729B92D71006F7423 /* SpinCommand.swift in Sources */,
				C77572EA29BDE4C100367053 /* View+FullBackground.swift in Sources */,
				C7908E4329B92D49006F7423 /* SlideCommand.swift in Sources */,
				C7908E3829B7D8E9006F7423 /* HoldInput.swift in Sources */,
				C748C9EC29BB039600CB8C7A /* InputData.swift in Sources */,
				D081DDA929C2060E006B11B4 /* TimelineView.swift in Sources */,
				C7908E4929B92E4E006F7423 /* GestureModifier.swift in Sources */,
				C748C9EA29BB036F00CB8C7A /* Locatable.swift in Sources */,
				C7908E4E29B93137006F7423 /* GameView.swift in Sources */,
				C7908E4529B92D5F006F7423 /* HoldCommand.swift in Sources */,
				C7908E3429B7D8D6006F7423 /* SlideInput.swift in Sources */,
				C7908E3A29B7DD74006F7423 /* SpinInput.swift in Sources */,
				D00235C129BF0115006858D3 /* BeatmapDesignerViewModel.swift in Sources */,
				D081DDAD29C217FD006B11B4 /* ZoomButtonsView.swift in Sources */,
				D081DDAB29C21782006B11B4 /* DivisorSliderView.swift in Sources */,
				D081DDAF29C21842006B11B4 /* CanvasView.swift in Sources */,
				D00235BC29BEF9A1006858D3 /* AudioManager.swift in Sources */,
				D00235B929BEF7BD006858D3 /* SystemIconButtonView.swift in Sources */,
				C7CD9BD529B7514900ABEE8F /* PulsePaceApp.swift in Sources */,
				C7908E3E29B92657006F7423 /* TouchInput.swift in Sources */,
				C7908E4129B92D30006F7423 /* TapCommand.swift in Sources */,
				C7D1AF2529BF844A00244EF5 /* PriorityQueue.swift in Sources */,
				C7D1AF2729BF895D00244EF5 /* Queue.swift in Sources */,
				C7908E2E29B7C986006F7423 /* Command.swift in Sources */,
				C7D1AF2929BF8A9300244EF5 /* Heap.swift in Sources */,
				D012FF1629BE00CA00E3CC2E /* HitObject.swift in Sources */,
				D012FF1229BCC6DE00E3CC2E /* BeatmapDesignerView.swift in Sources */,
				D012FF1A29BE011B00E3CC2E /* TapHitObject.swift in Sources */,
				D081DDB129C222A4006B11B4 /* PlaybackControlView.swift in Sources */,
			);
			runOnlyForDeploymentPostprocessing = 0;
		};
		C7CD9BDD29B7514F00ABEE8F /* Sources */ = {
			isa = PBXSourcesBuildPhase;
			buildActionMask = 2147483647;
			files = (
				C7CD9BE629B7514F00ABEE8F /* PulsePaceTests.swift in Sources */,
				C7D1AF2C29BF902B00244EF5 /* PriorityQueueTests.swift in Sources */,
			);
			runOnlyForDeploymentPostprocessing = 0;
		};
		C7CD9BE729B7514F00ABEE8F /* Sources */ = {
			isa = PBXSourcesBuildPhase;
			buildActionMask = 2147483647;
			files = (
				C7CD9BF029B7514F00ABEE8F /* PulsePaceUITests.swift in Sources */,
				C7CD9BF229B7514F00ABEE8F /* PulsePaceUITestsLaunchTests.swift in Sources */,
			);
			runOnlyForDeploymentPostprocessing = 0;
		};
/* End PBXSourcesBuildPhase section */

/* Begin PBXTargetDependency section */
		C7CD9BE329B7514F00ABEE8F /* PBXTargetDependency */ = {
			isa = PBXTargetDependency;
			target = C7CD9BD029B7514900ABEE8F /* PulsePace */;
			targetProxy = C7CD9BE229B7514F00ABEE8F /* PBXContainerItemProxy */;
		};
		C7CD9BED29B7514F00ABEE8F /* PBXTargetDependency */ = {
			isa = PBXTargetDependency;
			target = C7CD9BD029B7514900ABEE8F /* PulsePace */;
			targetProxy = C7CD9BEC29B7514F00ABEE8F /* PBXContainerItemProxy */;
		};
/* End PBXTargetDependency section */

/* Begin XCBuildConfiguration section */
		C7CD9BF329B7514F00ABEE8F /* Debug */ = {
			isa = XCBuildConfiguration;
			buildSettings = {
				ALWAYS_SEARCH_USER_PATHS = NO;
				CLANG_ANALYZER_NONNULL = YES;
				CLANG_ANALYZER_NUMBER_OBJECT_CONVERSION = YES_AGGRESSIVE;
				CLANG_CXX_LANGUAGE_STANDARD = "gnu++20";
				CLANG_ENABLE_MODULES = YES;
				CLANG_ENABLE_OBJC_ARC = YES;
				CLANG_ENABLE_OBJC_WEAK = YES;
				CLANG_WARN_BLOCK_CAPTURE_AUTORELEASING = YES;
				CLANG_WARN_BOOL_CONVERSION = YES;
				CLANG_WARN_COMMA = YES;
				CLANG_WARN_CONSTANT_CONVERSION = YES;
				CLANG_WARN_DEPRECATED_OBJC_IMPLEMENTATIONS = YES;
				CLANG_WARN_DIRECT_OBJC_ISA_USAGE = YES_ERROR;
				CLANG_WARN_DOCUMENTATION_COMMENTS = YES;
				CLANG_WARN_EMPTY_BODY = YES;
				CLANG_WARN_ENUM_CONVERSION = YES;
				CLANG_WARN_INFINITE_RECURSION = YES;
				CLANG_WARN_INT_CONVERSION = YES;
				CLANG_WARN_NON_LITERAL_NULL_CONVERSION = YES;
				CLANG_WARN_OBJC_IMPLICIT_RETAIN_SELF = YES;
				CLANG_WARN_OBJC_LITERAL_CONVERSION = YES;
				CLANG_WARN_OBJC_ROOT_CLASS = YES_ERROR;
				CLANG_WARN_QUOTED_INCLUDE_IN_FRAMEWORK_HEADER = YES;
				CLANG_WARN_RANGE_LOOP_ANALYSIS = YES;
				CLANG_WARN_STRICT_PROTOTYPES = YES;
				CLANG_WARN_SUSPICIOUS_MOVE = YES;
				CLANG_WARN_UNGUARDED_AVAILABILITY = YES_AGGRESSIVE;
				CLANG_WARN_UNREACHABLE_CODE = YES;
				CLANG_WARN__DUPLICATE_METHOD_MATCH = YES;
				COPY_PHASE_STRIP = NO;
				DEBUG_INFORMATION_FORMAT = dwarf;
				ENABLE_STRICT_OBJC_MSGSEND = YES;
				ENABLE_TESTABILITY = YES;
				GCC_C_LANGUAGE_STANDARD = gnu11;
				GCC_DYNAMIC_NO_PIC = NO;
				GCC_NO_COMMON_BLOCKS = YES;
				GCC_OPTIMIZATION_LEVEL = 0;
				GCC_PREPROCESSOR_DEFINITIONS = (
					"DEBUG=1",
					"$(inherited)",
				);
				GCC_WARN_64_TO_32_BIT_CONVERSION = YES;
				GCC_WARN_ABOUT_RETURN_TYPE = YES_ERROR;
				GCC_WARN_UNDECLARED_SELECTOR = YES;
				GCC_WARN_UNINITIALIZED_AUTOS = YES_AGGRESSIVE;
				GCC_WARN_UNUSED_FUNCTION = YES;
				GCC_WARN_UNUSED_VARIABLE = YES;
				IPHONEOS_DEPLOYMENT_TARGET = 16.2;
				MTL_ENABLE_DEBUG_INFO = INCLUDE_SOURCE;
				MTL_FAST_MATH = YES;
				ONLY_ACTIVE_ARCH = YES;
				SDKROOT = iphoneos;
				SWIFT_ACTIVE_COMPILATION_CONDITIONS = DEBUG;
				SWIFT_OPTIMIZATION_LEVEL = "-Onone";
			};
			name = Debug;
		};
		C7CD9BF429B7514F00ABEE8F /* Release */ = {
			isa = XCBuildConfiguration;
			buildSettings = {
				ALWAYS_SEARCH_USER_PATHS = NO;
				CLANG_ANALYZER_NONNULL = YES;
				CLANG_ANALYZER_NUMBER_OBJECT_CONVERSION = YES_AGGRESSIVE;
				CLANG_CXX_LANGUAGE_STANDARD = "gnu++20";
				CLANG_ENABLE_MODULES = YES;
				CLANG_ENABLE_OBJC_ARC = YES;
				CLANG_ENABLE_OBJC_WEAK = YES;
				CLANG_WARN_BLOCK_CAPTURE_AUTORELEASING = YES;
				CLANG_WARN_BOOL_CONVERSION = YES;
				CLANG_WARN_COMMA = YES;
				CLANG_WARN_CONSTANT_CONVERSION = YES;
				CLANG_WARN_DEPRECATED_OBJC_IMPLEMENTATIONS = YES;
				CLANG_WARN_DIRECT_OBJC_ISA_USAGE = YES_ERROR;
				CLANG_WARN_DOCUMENTATION_COMMENTS = YES;
				CLANG_WARN_EMPTY_BODY = YES;
				CLANG_WARN_ENUM_CONVERSION = YES;
				CLANG_WARN_INFINITE_RECURSION = YES;
				CLANG_WARN_INT_CONVERSION = YES;
				CLANG_WARN_NON_LITERAL_NULL_CONVERSION = YES;
				CLANG_WARN_OBJC_IMPLICIT_RETAIN_SELF = YES;
				CLANG_WARN_OBJC_LITERAL_CONVERSION = YES;
				CLANG_WARN_OBJC_ROOT_CLASS = YES_ERROR;
				CLANG_WARN_QUOTED_INCLUDE_IN_FRAMEWORK_HEADER = YES;
				CLANG_WARN_RANGE_LOOP_ANALYSIS = YES;
				CLANG_WARN_STRICT_PROTOTYPES = YES;
				CLANG_WARN_SUSPICIOUS_MOVE = YES;
				CLANG_WARN_UNGUARDED_AVAILABILITY = YES_AGGRESSIVE;
				CLANG_WARN_UNREACHABLE_CODE = YES;
				CLANG_WARN__DUPLICATE_METHOD_MATCH = YES;
				COPY_PHASE_STRIP = NO;
				DEBUG_INFORMATION_FORMAT = "dwarf-with-dsym";
				ENABLE_NS_ASSERTIONS = NO;
				ENABLE_STRICT_OBJC_MSGSEND = YES;
				GCC_C_LANGUAGE_STANDARD = gnu11;
				GCC_NO_COMMON_BLOCKS = YES;
				GCC_WARN_64_TO_32_BIT_CONVERSION = YES;
				GCC_WARN_ABOUT_RETURN_TYPE = YES_ERROR;
				GCC_WARN_UNDECLARED_SELECTOR = YES;
				GCC_WARN_UNINITIALIZED_AUTOS = YES_AGGRESSIVE;
				GCC_WARN_UNUSED_FUNCTION = YES;
				GCC_WARN_UNUSED_VARIABLE = YES;
				IPHONEOS_DEPLOYMENT_TARGET = 16.2;
				MTL_ENABLE_DEBUG_INFO = NO;
				MTL_FAST_MATH = YES;
				SDKROOT = iphoneos;
				SWIFT_COMPILATION_MODE = wholemodule;
				SWIFT_OPTIMIZATION_LEVEL = "-O";
				VALIDATE_PRODUCT = YES;
			};
			name = Release;
		};
		C7CD9BF629B7514F00ABEE8F /* Debug */ = {
			isa = XCBuildConfiguration;
			buildSettings = {
				ASSETCATALOG_COMPILER_APPICON_NAME = AppIcon;
				ASSETCATALOG_COMPILER_GLOBAL_ACCENT_COLOR_NAME = AccentColor;
				CODE_SIGN_STYLE = Automatic;
				CURRENT_PROJECT_VERSION = 1;
				DEVELOPMENT_ASSET_PATHS = "\"PulsePace/Preview Content\"";
				DEVELOPMENT_TEAM = X77GX48L42;
				ENABLE_PREVIEWS = YES;
				GENERATE_INFOPLIST_FILE = YES;
				INFOPLIST_KEY_CFBundleDisplayName = PulsePace;
				INFOPLIST_KEY_LSApplicationCategoryType = "public.app-category.music-games";
				INFOPLIST_KEY_UIApplicationSceneManifest_Generation = YES;
				INFOPLIST_KEY_UIApplicationSupportsIndirectInputEvents = YES;
				INFOPLIST_KEY_UILaunchScreen_Generation = YES;
				INFOPLIST_KEY_UIRequiresFullScreen = YES;
				INFOPLIST_KEY_UISupportedInterfaceOrientations = "UIInterfaceOrientationLandscapeLeft UIInterfaceOrientationLandscapeRight UIInterfaceOrientationPortrait";
				INFOPLIST_KEY_UISupportedInterfaceOrientations_iPad = "UIInterfaceOrientationLandscapeLeft UIInterfaceOrientationLandscapeRight";
				LD_RUNPATH_SEARCH_PATHS = (
					"$(inherited)",
					"@executable_path/Frameworks",
				);
				MARKETING_VERSION = 1.0;
				PRODUCT_BUNDLE_IDENTIFIER = PulsePace.PulsePace;
				PRODUCT_NAME = "$(TARGET_NAME)";
				SUPPORTED_PLATFORMS = "iphoneos iphonesimulator";
				SUPPORTS_MACCATALYST = NO;
				SUPPORTS_MAC_DESIGNED_FOR_IPHONE_IPAD = NO;
				SWIFT_EMIT_LOC_STRINGS = YES;
				SWIFT_VERSION = 5.0;
				TARGETED_DEVICE_FAMILY = 2;
			};
			name = Debug;
		};
		C7CD9BF729B7514F00ABEE8F /* Release */ = {
			isa = XCBuildConfiguration;
			buildSettings = {
				ASSETCATALOG_COMPILER_APPICON_NAME = AppIcon;
				ASSETCATALOG_COMPILER_GLOBAL_ACCENT_COLOR_NAME = AccentColor;
				CODE_SIGN_STYLE = Automatic;
				CURRENT_PROJECT_VERSION = 1;
				DEVELOPMENT_ASSET_PATHS = "\"PulsePace/Preview Content\"";
				DEVELOPMENT_TEAM = P3QLTH5V5D;
				ENABLE_PREVIEWS = YES;
				GENERATE_INFOPLIST_FILE = YES;
				INFOPLIST_KEY_CFBundleDisplayName = PulsePace;
				INFOPLIST_KEY_LSApplicationCategoryType = "public.app-category.music-games";
				INFOPLIST_KEY_UIApplicationSceneManifest_Generation = YES;
				INFOPLIST_KEY_UIApplicationSupportsIndirectInputEvents = YES;
				INFOPLIST_KEY_UILaunchScreen_Generation = YES;
				INFOPLIST_KEY_UIRequiresFullScreen = YES;
				INFOPLIST_KEY_UISupportedInterfaceOrientations = "UIInterfaceOrientationLandscapeLeft UIInterfaceOrientationLandscapeRight UIInterfaceOrientationPortrait";
				INFOPLIST_KEY_UISupportedInterfaceOrientations_iPad = "UIInterfaceOrientationLandscapeLeft UIInterfaceOrientationLandscapeRight";
				LD_RUNPATH_SEARCH_PATHS = (
					"$(inherited)",
					"@executable_path/Frameworks",
				);
				MARKETING_VERSION = 1.0;
				PRODUCT_BUNDLE_IDENTIFIER = PulsePace.PulsePace;
				PRODUCT_NAME = "$(TARGET_NAME)";
				SUPPORTED_PLATFORMS = "iphoneos iphonesimulator";
				SUPPORTS_MACCATALYST = NO;
				SUPPORTS_MAC_DESIGNED_FOR_IPHONE_IPAD = NO;
				SWIFT_EMIT_LOC_STRINGS = YES;
				SWIFT_VERSION = 5.0;
				TARGETED_DEVICE_FAMILY = 2;
			};
			name = Release;
		};
		C7CD9BF929B7514F00ABEE8F /* Debug */ = {
			isa = XCBuildConfiguration;
			buildSettings = {
				ALWAYS_EMBED_SWIFT_STANDARD_LIBRARIES = YES;
				BUNDLE_LOADER = "$(TEST_HOST)";
				CODE_SIGN_STYLE = Automatic;
				CURRENT_PROJECT_VERSION = 1;
				DEVELOPMENT_TEAM = P3QLTH5V5D;
				GENERATE_INFOPLIST_FILE = YES;
				IPHONEOS_DEPLOYMENT_TARGET = 16.2;
				MARKETING_VERSION = 1.0;
				PRODUCT_BUNDLE_IDENTIFIER = PulsePace.PulsePaceTests;
				PRODUCT_NAME = "$(TARGET_NAME)";
				SWIFT_EMIT_LOC_STRINGS = NO;
				SWIFT_VERSION = 5.0;
				TARGETED_DEVICE_FAMILY = "1,2";
				TEST_HOST = "$(BUILT_PRODUCTS_DIR)/PulsePace.app/$(BUNDLE_EXECUTABLE_FOLDER_PATH)/PulsePace";
			};
			name = Debug;
		};
		C7CD9BFA29B7514F00ABEE8F /* Release */ = {
			isa = XCBuildConfiguration;
			buildSettings = {
				ALWAYS_EMBED_SWIFT_STANDARD_LIBRARIES = YES;
				BUNDLE_LOADER = "$(TEST_HOST)";
				CODE_SIGN_STYLE = Automatic;
				CURRENT_PROJECT_VERSION = 1;
				DEVELOPMENT_TEAM = P3QLTH5V5D;
				GENERATE_INFOPLIST_FILE = YES;
				IPHONEOS_DEPLOYMENT_TARGET = 16.2;
				MARKETING_VERSION = 1.0;
				PRODUCT_BUNDLE_IDENTIFIER = PulsePace.PulsePaceTests;
				PRODUCT_NAME = "$(TARGET_NAME)";
				SWIFT_EMIT_LOC_STRINGS = NO;
				SWIFT_VERSION = 5.0;
				TARGETED_DEVICE_FAMILY = "1,2";
				TEST_HOST = "$(BUILT_PRODUCTS_DIR)/PulsePace.app/$(BUNDLE_EXECUTABLE_FOLDER_PATH)/PulsePace";
			};
			name = Release;
		};
		C7CD9BFC29B7514F00ABEE8F /* Debug */ = {
			isa = XCBuildConfiguration;
			buildSettings = {
				ALWAYS_EMBED_SWIFT_STANDARD_LIBRARIES = YES;
				CODE_SIGN_STYLE = Automatic;
				CURRENT_PROJECT_VERSION = 1;
				DEVELOPMENT_TEAM = P3QLTH5V5D;
				GENERATE_INFOPLIST_FILE = YES;
				MARKETING_VERSION = 1.0;
				PRODUCT_BUNDLE_IDENTIFIER = PulsePace.PulsePaceUITests;
				PRODUCT_NAME = "$(TARGET_NAME)";
				SWIFT_EMIT_LOC_STRINGS = NO;
				SWIFT_VERSION = 5.0;
				TARGETED_DEVICE_FAMILY = "1,2";
				TEST_TARGET_NAME = PulsePace;
			};
			name = Debug;
		};
		C7CD9BFD29B7514F00ABEE8F /* Release */ = {
			isa = XCBuildConfiguration;
			buildSettings = {
				ALWAYS_EMBED_SWIFT_STANDARD_LIBRARIES = YES;
				CODE_SIGN_STYLE = Automatic;
				CURRENT_PROJECT_VERSION = 1;
				DEVELOPMENT_TEAM = P3QLTH5V5D;
				GENERATE_INFOPLIST_FILE = YES;
				MARKETING_VERSION = 1.0;
				PRODUCT_BUNDLE_IDENTIFIER = PulsePace.PulsePaceUITests;
				PRODUCT_NAME = "$(TARGET_NAME)";
				SWIFT_EMIT_LOC_STRINGS = NO;
				SWIFT_VERSION = 5.0;
				TARGETED_DEVICE_FAMILY = "1,2";
				TEST_TARGET_NAME = PulsePace;
			};
			name = Release;
		};
/* End XCBuildConfiguration section */

/* Begin XCConfigurationList section */
		C7CD9BCC29B7514900ABEE8F /* Build configuration list for PBXProject "PulsePace" */ = {
			isa = XCConfigurationList;
			buildConfigurations = (
				C7CD9BF329B7514F00ABEE8F /* Debug */,
				C7CD9BF429B7514F00ABEE8F /* Release */,
			);
			defaultConfigurationIsVisible = 0;
			defaultConfigurationName = Release;
		};
		C7CD9BF529B7514F00ABEE8F /* Build configuration list for PBXNativeTarget "PulsePace" */ = {
			isa = XCConfigurationList;
			buildConfigurations = (
				C7CD9BF629B7514F00ABEE8F /* Debug */,
				C7CD9BF729B7514F00ABEE8F /* Release */,
			);
			defaultConfigurationIsVisible = 0;
			defaultConfigurationName = Release;
		};
		C7CD9BF829B7514F00ABEE8F /* Build configuration list for PBXNativeTarget "PulsePaceTests" */ = {
			isa = XCConfigurationList;
			buildConfigurations = (
				C7CD9BF929B7514F00ABEE8F /* Debug */,
				C7CD9BFA29B7514F00ABEE8F /* Release */,
			);
			defaultConfigurationIsVisible = 0;
			defaultConfigurationName = Release;
		};
		C7CD9BFB29B7514F00ABEE8F /* Build configuration list for PBXNativeTarget "PulsePaceUITests" */ = {
			isa = XCConfigurationList;
			buildConfigurations = (
				C7CD9BFC29B7514F00ABEE8F /* Debug */,
				C7CD9BFD29B7514F00ABEE8F /* Release */,
			);
			defaultConfigurationIsVisible = 0;
			defaultConfigurationName = Release;
		};
/* End XCConfigurationList section */
	};
	rootObject = C7CD9BC929B7514900ABEE8F /* Project object */;
}
